
Microsoft Visual Studio Solution File, Format Version 12.00
# Visual Studio Version 16
VisualStudioVersion = 16.0.30406.217
MinimumVisualStudioVersion = 10.0.40219.1
Project("{FAE04EC0-301F-11D3-BF4B-00C04F79EFBC}") = "HangMan", "HangMan\HangMan.csproj", "{4F984C85-E648-480A-8D08-6E4FBBA6F786}"
EndProject
Project("{FAE04EC0-301F-11D3-BF4B-00C04F79EFBC}") = "HangMan.Tests", "HangMan.Tests\HangMan.Tests.csproj", "{B0E94546-7D59-4428-BF64-9EFC92F211C4}"
EndProject
Global
	GlobalSection(SolutionConfigurationPlatforms) = preSolution
		Debug|Any CPU = Debug|Any CPU
		Release|Any CPU = Release|Any CPU
	EndGlobalSection
	GlobalSection(ProjectConfigurationPlatforms) = postSolution
		{4F984C85-E648-480A-8D08-6E4FBBA6F786}.Debug|Any CPU.ActiveCfg = Debug|Any CPU
		{4F984C85-E648-480A-8D08-6E4FBBA6F786}.Debug|Any CPU.Build.0 = Debug|Any CPU
		{4F984C85-E648-480A-8D08-6E4FBBA6F786}.Release|Any CPU.ActiveCfg = Release|Any CPU
		{4F984C85-E648-480A-8D08-6E4FBBA6F786}.Release|Any CPU.Build.0 = Release|Any CPU
		{B0E94546-7D59-4428-BF64-9EFC92F211C4}.Debug|Any CPU.ActiveCfg = Debug|Any CPU
		{B0E94546-7D59-4428-BF64-9EFC92F211C4}.Debug|Any CPU.Build.0 = Debug|Any CPU
		{B0E94546-7D59-4428-BF64-9EFC92F211C4}.Release|Any CPU.ActiveCfg = Release|Any CPU
		{B0E94546-7D59-4428-BF64-9EFC92F211C4}.Release|Any CPU.Build.0 = Release|Any CPU
	EndGlobalSection
	GlobalSection(SolutionProperties) = preSolution
		HideSolutionNode = FALSE
	EndGlobalSection
	GlobalSection(ExtensibilityGlobals) = postSolution
		SolutionGuid = {3C0781BA-0769-4006-914A-488022C8F29D}
	EndGlobalSection
EndGlobal
